
Microsoft Visual Studio Solution File, Format Version 12.00
# Visual Studio Version 17
VisualStudioVersion = 17.5.002.0
MinimumVisualStudioVersion = 10.0.40219.1
Project("{9A19103F-16F7-4668-BE54-9A1E7A4F7556}") = "Untitled", "Untitled.csproj", "{060DC6F9-C17F-495E-8179-07C83B0BCEC9}"
EndProject
Project("{2150E333-8FDC-42A3-9474-1A3956D46DE8}") = "obj", "obj", "{79237D0B-1DE1-4676-83F7-FB45E4D7A30F}"
EndProject
Project("{2150E333-8FDC-42A3-9474-1A3956D46DE8}") = "Release", "Release", "{0F8349C1-476B-49ED-8A5F-027B965B1383}"
EndProject
Project("{2150E333-8FDC-42A3-9474-1A3956D46DE8}") = "net8.0", "net8.0", "{9A684756-442A-4E94-A37A-58491D8652F2}"
EndProject
Project("{9A19103F-16F7-4668-BE54-9A1E7A4F7556}") = "WorkerExtensions", "obj\Release\net8.0\WorkerExtensions\WorkerExtensions.csproj", "{F6C9CD6D-E59C-4ADC-A28A-96BC3ED156CE}"
EndProject
Global
	GlobalSection(SolutionConfigurationPlatforms) = preSolution
		Debug|Any CPU = Debug|Any CPU
		Release|Any CPU = Release|Any CPU
	EndGlobalSection
	GlobalSection(ProjectConfigurationPlatforms) = postSolution
		{060DC6F9-C17F-495E-8179-07C83B0BCEC9}.Debug|Any CPU.ActiveCfg = Debug|Any CPU
		{060DC6F9-C17F-495E-8179-07C83B0BCEC9}.Debug|Any CPU.Build.0 = Debug|Any CPU
		{060DC6F9-C17F-495E-8179-07C83B0BCEC9}.Release|Any CPU.ActiveCfg = Release|Any CPU
		{060DC6F9-C17F-495E-8179-07C83B0BCEC9}.Release|Any CPU.Build.0 = Release|Any CPU
		{F6C9CD6D-E59C-4ADC-A28A-96BC3ED156CE}.Debug|Any CPU.ActiveCfg = Debug|Any CPU
		{F6C9CD6D-E59C-4ADC-A28A-96BC3ED156CE}.Debug|Any CPU.Build.0 = Debug|Any CPU
		{F6C9CD6D-E59C-4ADC-A28A-96BC3ED156CE}.Release|Any CPU.ActiveCfg = Release|Any CPU
		{F6C9CD6D-E59C-4ADC-A28A-96BC3ED156CE}.Release|Any CPU.Build.0 = Release|Any CPU
	EndGlobalSection
	GlobalSection(SolutionProperties) = preSolution
		HideSolutionNode = FALSE
	EndGlobalSection
	GlobalSection(NestedProjects) = preSolution
		{0F8349C1-476B-49ED-8A5F-027B965B1383} = {79237D0B-1DE1-4676-83F7-FB45E4D7A30F}
		{9A684756-442A-4E94-A37A-58491D8652F2} = {0F8349C1-476B-49ED-8A5F-027B965B1383}
		{F6C9CD6D-E59C-4ADC-A28A-96BC3ED156CE} = {9A684756-442A-4E94-A37A-58491D8652F2}
	EndGlobalSection
	GlobalSection(ExtensibilityGlobals) = postSolution
		SolutionGuid = {6635C62A-A6C9-4E85-BFF6-06902EE27098}
	EndGlobalSection
EndGlobal
